
Microsoft Visual Studio Solution File, Format Version 12.00
# Visual Studio Version 17
VisualStudioVersion = 17.14.36518.9 d17.14
MinimumVisualStudioVersion = 10.0.40219.1
Project("{FAE04EC0-301F-11D3-BF4B-00C04F79EFBC}") = "WindowsFormsApp2", "WindowsFormsApp2.csproj", "{CAFAE1F5-8C49-4BEC-B426-45F589FE5EBE}"
EndProject
Global
	GlobalSection(SolutionConfigurationPlatforms) = preSolution
		Debug|Any CPU = Debug|Any CPU
		Release|Any CPU = Release|Any CPU
	EndGlobalSection
	GlobalSection(ProjectConfigurationPlatforms) = postSolution
		{CAFAE1F5-8C49-4BEC-B426-45F589FE5EBE}.Debug|Any CPU.ActiveCfg = Debug|Any CPU
		{CAFAE1F5-8C49-4BEC-B426-45F589FE5EBE}.Debug|Any CPU.Build.0 = Debug|Any CPU
		{CAFAE1F5-8C49-4BEC-B426-45F589FE5EBE}.Release|Any CPU.ActiveCfg = Release|Any CPU
		{CAFAE1F5-8C49-4BEC-B426-45F589FE5EBE}.Release|Any CPU.Build.0 = Release|Any CPU
	EndGlobalSection
	GlobalSection(SolutionProperties) = preSolution
		HideSolutionNode = FALSE
	EndGlobalSection
	GlobalSection(ExtensibilityGlobals) = postSolution
		SolutionGuid = {7773880A-6A92-40D8-8635-6DDFC2D1259F}
	EndGlobalSection
EndGlobal
